
Microsoft Visual Studio Solution File, Format Version 12.00
# Visual Studio 15
VisualStudioVersion = 15.0.28307.757
MinimumVisualStudioVersion = 10.0.40219.1
Project("{FAE04EC0-301F-11D3-BF4B-00C04F79EFBC}") = "CarLease", "CarLease\CarLease.csproj", "{9A8E21EB-162A-43E4-A537-9A96F3B2EA96}"
EndProject
Global
	GlobalSection(SolutionConfigurationPlatforms) = preSolution
		Debug|Any CPU = Debug|Any CPU
		Release|Any CPU = Release|Any CPU
	EndGlobalSection
	GlobalSection(ProjectConfigurationPlatforms) = postSolution
		{9A8E21EB-162A-43E4-A537-9A96F3B2EA96}.Debug|Any CPU.ActiveCfg = Debug|Any CPU
		{9A8E21EB-162A-43E4-A537-9A96F3B2EA96}.Debug|Any CPU.Build.0 = Debug|Any CPU
		{9A8E21EB-162A-43E4-A537-9A96F3B2EA96}.Release|Any CPU.ActiveCfg = Release|Any CPU
		{9A8E21EB-162A-43E4-A537-9A96F3B2EA96}.Release|Any CPU.Build.0 = Release|Any CPU
	EndGlobalSection
	GlobalSection(SolutionProperties) = preSolution
		HideSolutionNode = FALSE
	EndGlobalSection
	GlobalSection(ExtensibilityGlobals) = postSolution
		SolutionGuid = {FEA358DE-58EA-4A6F-AA08-0466AAF6EB17}
	EndGlobalSection
EndGlobal
